
Microsoft Visual Studio Solution File, Format Version 12.00
# Visual Studio Version 17
VisualStudioVersion = 17.9.34902.65
MinimumVisualStudioVersion = 10.0.40219.1
Project("{FAE04EC0-301F-11D3-BF4B-00C04F79EFBC}") = "FamousKiwisApp", "FamousKiwisApp\FamousKiwisApp.csproj", "{45706F0A-7F66-4E02-90DF-2A6FC7CAEA78}"
EndProject
Global
	GlobalSection(SolutionConfigurationPlatforms) = preSolution
		Debug|Any CPU = Debug|Any CPU
		Release|Any CPU = Release|Any CPU
	EndGlobalSection
	GlobalSection(ProjectConfigurationPlatforms) = postSolution
		{45706F0A-7F66-4E02-90DF-2A6FC7CAEA78}.Debug|Any CPU.ActiveCfg = Debug|Any CPU
		{45706F0A-7F66-4E02-90DF-2A6FC7CAEA78}.Debug|Any CPU.Build.0 = Debug|Any CPU
		{45706F0A-7F66-4E02-90DF-2A6FC7CAEA78}.Release|Any CPU.ActiveCfg = Release|Any CPU
		{45706F0A-7F66-4E02-90DF-2A6FC7CAEA78}.Release|Any CPU.Build.0 = Release|Any CPU
	EndGlobalSection
	GlobalSection(SolutionProperties) = preSolution
		HideSolutionNode = FALSE
	EndGlobalSection
	GlobalSection(ExtensibilityGlobals) = postSolution
		SolutionGuid = {B8A96F5E-C1BB-4D8E-8147-3345417D32C5}
	EndGlobalSection
EndGlobal
